github.com/gorilla/websocket v1.5.3 h1:saDtZ6Pbx/0u+bgYQ3q96pZgCzfhKXGPqt7kZ72aNNg=
github.com/orimono/ito v0.0.0-20260324005130-5f5a53026797 h1:0AuB5DG19o1+bKUPh4RgPWDWnZ9Q9S5ee2262BsGHno=
github.com/orimono/ito v0.0.0-20260324005130-5f5a53026797/go.mod h1:jrNarJRqFLcMGlWgJt63HyVcYh2zfx6MIYahRZo3lOc=
